
Microsoft Visual Studio Solution File, Format Version 12.00
Project("{FAE04EC0-301F-11D3-BF4B-00C04F79EFBC}") = "CVApp", "CVApp\CVApp.csproj", "{413CA605-38FB-412E-985F-209ECD7795BB}"
EndProject
Global
	GlobalSection(SolutionConfigurationPlatforms) = preSolution
		Debug|Any CPU = Debug|Any CPU
		Release|Any CPU = Release|Any CPU
	EndGlobalSection
	GlobalSection(ProjectConfigurationPlatforms) = postSolution
		{413CA605-38FB-412E-985F-209ECD7795BB}.Debug|Any CPU.ActiveCfg = Debug|Any CPU
		{413CA605-38FB-412E-985F-209ECD7795BB}.Debug|Any CPU.Build.0 = Debug|Any CPU
		{413CA605-38FB-412E-985F-209ECD7795BB}.Release|Any CPU.ActiveCfg = Release|Any CPU
		{413CA605-38FB-412E-985F-209ECD7795BB}.Release|Any CPU.Build.0 = Release|Any CPU
	EndGlobalSection
EndGlobal
